Microsoft Visual Studio Solution File, Format Version 12.00
# Visual Studio 2012
Project("{FAE04EC0-301F-11D3-BF4B-00C04F79EFBC}") = "VoxelImporter", "VoxelImporter.csproj", "{D0117CEE-FCC0-4991-B21C-433609F1DDDE}"
EndProject
Global
	GlobalSection(SolutionConfigurationPlatforms) = preSolution
	Debug|Any CPU = Debug|Any CPU
	ExportDebug|Any CPU = ExportDebug|Any CPU
	ExportRelease|Any CPU = ExportRelease|Any CPU
	EndGlobalSection
	GlobalSection(ProjectConfigurationPlatforms) = postSolution
		{D0117CEE-FCC0-4991-B21C-433609F1DDDE}.Debug|Any CPU.ActiveCfg = Debug|Any CPU
		{D0117CEE-FCC0-4991-B21C-433609F1DDDE}.Debug|Any CPU.Build.0 = Debug|Any CPU
		{D0117CEE-FCC0-4991-B21C-433609F1DDDE}.ExportDebug|Any CPU.ActiveCfg = ExportDebug|Any CPU
		{D0117CEE-FCC0-4991-B21C-433609F1DDDE}.ExportDebug|Any CPU.Build.0 = ExportDebug|Any CPU
		{D0117CEE-FCC0-4991-B21C-433609F1DDDE}.ExportRelease|Any CPU.ActiveCfg = ExportRelease|Any CPU
		{D0117CEE-FCC0-4991-B21C-433609F1DDDE}.ExportRelease|Any CPU.Build.0 = ExportRelease|Any CPU
	EndGlobalSection
EndGlobal
